// !$*UTF8*$!
{
	archiveVersion = 1;
	classes = {
	};
	objectVersion = 48;
	objects = {

/* Begin PBXBuildFile section */
		036D25A520BEF836000B77BE /* SignConductor.swift in Sources */ = {isa = PBXBuildFile; fileRef = 036D25A420BEF836000B77BE /* SignConductor.swift */; };
		036D25A720BEF8D3000B77BE /* SignRepositoryProtocol.swift in Sources */ = {isa = PBXBuildFile; fileRef = 036D25A620BEF8D3000B77BE /* SignRepositoryProtocol.swift */; };
		036D25A920BEF905000B77BE /* RemoteSign.swift in Sources */ = {isa = PBXBuildFile; fileRef = 036D25A820BEF905000B77BE /* RemoteSign.swift */; };
		036D25AB20BEF972000B77BE /* NoConnectionSignRepository.swift in Sources */ = {isa = PBXBuildFile; fileRef = 036D25AA20BEF972000B77BE /* NoConnectionSignRepository.swift */; };
		03E9DCCA20BCA9C9008618D9 /* AppDelegate.swift in Sources */ = {isa = PBXBuildFile; fileRef = 03E9DCC920BCA9C9008618D9 /* AppDelegate.swift */; };
		03E9DCCC20BCA9C9008618D9 /* ViewController.swift in Sources */ = {isa = PBXBuildFile; fileRef = 03E9DCCB20BCA9C9008618D9 /* ViewController.swift */; };
		03E9DCCF20BCA9C9008618D9 /* Main.storyboard in Resources */ = {isa = PBXBuildFile; fileRef = 03E9DCCD20BCA9C9008618D9 /* Main.storyboard */; };
		03E9DCD120BCA9C9008618D9 /* Assets.xcassets in Resources */ = {isa = PBXBuildFile; fileRef = 03E9DCD020BCA9C9008618D9 /* Assets.xcassets */; };
		03E9DCD420BCA9C9008618D9 /* LaunchScreen.storyboard in Resources */ = {isa = PBXBuildFile; fileRef = 03E9DCD220BCA9C9008618D9 /* LaunchScreen.storyboard */; };
		03E9DCDF20BCA9C9008618D9 /* TestWithConductorAndRepositoryTests.swift in Sources */ = {isa = PBXBuildFile; fileRef = 03E9DCDE20BCA9C9008618D9 /* TestWithConductorAndRepositoryTests.swift */; };
/* End PBXBuildFile section */

/* Begin PBXContainerItemProxy section */
		03E9DCDB20BCA9C9008618D9 /* PBXContainerItemProxy */ = {
			isa = PBXContainerItemProxy;
			containerPortal = 03E9DCBE20BCA9C9008618D9 /* Project object */;
			proxyType = 1;
			remoteGlobalIDString = 03E9DCC520BCA9C9008618D9;
			remoteInfo = TestWithConductorAndRepository;
		};
/* End PBXContainerItemProxy section */

/* Begin PBXFileReference section */
		036D25A420BEF836000B77BE /* SignConductor.swift */ = {isa = PBXFileReference; lastKnownFileType = sourcecode.swift; path = SignConductor.swift; sourceTree = "<group>"; };
		036D25A620BEF8D3000B77BE /* SignRepositoryProtocol.swift */ = {isa = PBXFileReference; lastKnownFileType = sourcecode.swift; path = SignRepositoryProtocol.swift; sourceTree = "<group>"; };
		036D25A820BEF905000B77BE /* RemoteSign.swift */ = {isa = PBXFileReference; lastKnownFileType = sourcecode.swift; path = RemoteSign.swift; sourceTree = "<group>"; };
		036D25AA20BEF972000B77BE /* NoConnectionSignRepository.swift */ = {isa = PBXFileReference; lastKnownFileType = sourcecode.swift; path = NoConnectionSignRepository.swift; sourceTree = "<group>"; };
		03E9DCC620BCA9C9008618D9 /* TestWithConductorAndRepository.app */ = {isa = PBXFileReference; explicitFileType = wrapper.application; includeInIndex = 0; path = TestWithConductorAndRepository.app; sourceTree = BUILT_PRODUCTS_DIR; };
		03E9DCC920BCA9C9008618D9 /* AppDelegate.swift */ = {isa = PBXFileReference; lastKnownFileType = sourcecode.swift; path = AppDelegate.swift; sourceTree = "<group>"; };
		03E9DCCB20BCA9C9008618D9 /* ViewController.swift */ = {isa = PBXFileReference; lastKnownFileType = sourcecode.swift; path = ViewController.swift; sourceTree = "<group>"; };
		03E9DCCE20BCA9C9008618D9 /* Base */ = {isa = PBXFileReference; lastKnownFileType = file.storyboard; name = Base; path = Base.lproj/Main.storyboard; sourceTree = "<group>"; };
		03E9DCD020BCA9C9008618D9 /* Assets.xcassets */ = {isa = PBXFileReference; lastKnownFileType = folder.assetcatalog; path = Assets.xcassets; sourceTree = "<group>"; };
		03E9DCD320BCA9C9008618D9 /* Base */ = {isa = PBXFileReference; lastKnownFileType = file.storyboard; name = Base; path = Base.lproj/LaunchScreen.storyboard; sourceTree = "<group>"; };
		03E9DCD520BCA9C9008618D9 /* Info.plist */ = {isa = PBXFileReference; lastKnownFileType = text.plist.xml; path = Info.plist; sourceTree = "<group>"; };
		03E9DCDA20BCA9C9008618D9 /* TestWithConductorAndRepositoryTests.xctest */ = {isa = PBXFileReference; explicitFileType = wrapper.cfbundle; includeInIndex = 0; path = TestWithConductorAndRepositoryTests.xctest; sourceTree = BUILT_PRODUCTS_DIR; };
		03E9DCDE20BCA9C9008618D9 /* TestWithConductorAndRepositoryTests.swift */ = {isa = PBXFileReference; lastKnownFileType = sourcecode.swift; path = TestWithConductorAndRepositoryTests.swift; sourceTree = "<group>"; };
		03E9DCE020BCA9C9008618D9 /* Info.plist */ = {isa = PBXFileReference; lastKnownFileType = text.plist.xml; path = Info.plist; sourceTree = "<group>"; };
/* End PBXFileReference section */

/* Begin PBXFrameworksBuildPhase section */
		03E9DCC320BCA9C9008618D9 /* Frameworks */ = {
			isa = PBXFrameworksBuildPhase;
			buildActionMask = 2147483647;
			files = (
			);
			runOnlyForDeploymentPostprocessing = 0;
		};
		03E9DCD720BCA9C9008618D9 /* Frameworks */ = {
			isa = PBXFrameworksBuildPhase;
			buildActionMask = 2147483647;
			files = (
			);
			runOnlyForDeploymentPostprocessing = 0;
		};
/* End PBXFrameworksBuildPhase section */

/* Begin PBXGroup section */
		03E9DCBD20BCA9C9008618D9 = {
			isa = PBXGroup;
			children = (
				03E9DCC820BCA9C9008618D9 /* TestWithConductorAndRepository */,
				03E9DCDD20BCA9C9008618D9 /* TestWithConductorAndRepositoryTests */,
				03E9DCC720BCA9C9008618D9 /* Products */,
			);
			sourceTree = "<group>";
		};
		03E9DCC720BCA9C9008618D9 /* Products */ = {
			isa = PBXGroup;
			children = (
				03E9DCC620BCA9C9008618D9 /* TestWithConductorAndRepository.app */,
				03E9DCDA20BCA9C9008618D9 /* TestWithConductorAndRepositoryTests.xctest */,
			);
			name = Products;
			sourceTree = "<group>";
		};
		03E9DCC820BCA9C9008618D9 /* TestWithConductorAndRepository */ = {
			isa = PBXGroup;
			children = (
				03E9DCC920BCA9C9008618D9 /* AppDelegate.swift */,
				036D25A820BEF905000B77BE /* RemoteSign.swift */,
				036D25A420BEF836000B77BE /* SignConductor.swift */,
				036D25A620BEF8D3000B77BE /* SignRepositoryProtocol.swift */,
				03E9DCCB20BCA9C9008618D9 /* ViewController.swift */,
				03E9DCCD20BCA9C9008618D9 /* Main.storyboard */,
				03E9DCD020BCA9C9008618D9 /* Assets.xcassets */,
				03E9DCD220BCA9C9008618D9 /* LaunchScreen.storyboard */,
				03E9DCD520BCA9C9008618D9 /* Info.plist */,
			);
			path = TestWithConductorAndRepository;
			sourceTree = "<group>";
		};
		03E9DCDD20BCA9C9008618D9 /* TestWithConductorAndRepositoryTests */ = {
			isa = PBXGroup;
			children = (
				036D25AA20BEF972000B77BE /* NoConnectionSignRepository.swift */,
				03E9DCDE20BCA9C9008618D9 /* TestWithConductorAndRepositoryTests.swift */,
				03E9DCE020BCA9C9008618D9 /* Info.plist */,
			);
			path = TestWithConductorAndRepositoryTests;
			sourceTree = "<group>";
		};
/* End PBXGroup section */

/* Begin PBXNativeTarget section */
		03E9DCC520BCA9C9008618D9 /* TestWithConductorAndRepository */ = {
			isa = PBXNativeTarget;
			buildConfigurationList = 03E9DCE320BCA9C9008618D9 /* Build configuration list for PBXNativeTarget "TestWithConductorAndRepository" */;
			buildPhases = (
				03E9DCC220BCA9C9008618D9 /* Sources */,
				03E9DCC320BCA9C9008618D9 /* Frameworks */,
				03E9DCC420BCA9C9008618D9 /* Resources */,
			);
			buildRules = (
			);
			dependencies = (
			);
			name = TestWithConductorAndRepository;
			productName = TestWithConductorAndRepository;
			productReference = 03E9DCC620BCA9C9008618D9 /* TestWithConductorAndRepository.app */;
			productType = "com.apple.product-type.application";
		};
		03E9DCD920BCA9C9008618D9 /* TestWithConductorAndRepositoryTests */ = {
			isa = PBXNativeTarget;
			buildConfigurationList = 03E9DCE620BCA9C9008618D9 /* Build configuration list for PBXNativeTarget "TestWithConductorAndRepositoryTests" */;
			buildPhases = (
				03E9DCD620BCA9C9008618D9 /* Sources */,
				03E9DCD720BCA9C9008618D9 /* Frameworks */,
				03E9DCD820BCA9C9008618D9 /* Resources */,
			);
			buildRules = (
			);
			dependencies = (
				03E9DCDC20BCA9C9008618D9 /* PBXTargetDependency */,
			);
			name = TestWithConductorAndRepositoryTests;
			productName = TestWithConductorAndRepositoryTests;
			productReference = 03E9DCDA20BCA9C9008618D9 /* TestWithConductorAndRepositoryTests.xctest */;
			productType = "com.apple.product-type.bundle.unit-test";
		};
/* End PBXNativeTarget section */

/* Begin PBXProject section */
		03E9DCBE20BCA9C9008618D9 /* Project object */ = {
			isa = PBXProject;
			attributes = {
				LastSwiftUpdateCheck = 0920;
				LastUpgradeCheck = 0920;
				ORGANIZATIONNAME = Thufik;
				TargetAttributes = {
					03E9DCC520BCA9C9008618D9 = {
						CreatedOnToolsVersion = 9.2;
						ProvisioningStyle = Automatic;
					};
					03E9DCD920BCA9C9008618D9 = {
						CreatedOnToolsVersion = 9.2;
						ProvisioningStyle = Automatic;
						TestTargetID = 03E9DCC520BCA9C9008618D9;
					};
				};
			};
			buildConfigurationList = 03E9DCC120BCA9C9008618D9 /* Build configuration list for PBXProject "TestWithConductorAndRepository" */;
			compatibilityVersion = "Xcode 8.0";
			developmentRegion = en;
			hasScannedForEncodings = 0;
			knownRegions = (
				en,
				Base,
			);
			mainGroup = 03E9DCBD20BCA9C9008618D9;
			productRefGroup = 03E9DCC720BCA9C9008618D9 /* Products */;
			projectDirPath = "";
			projectRoot = "";
			targets = (
				03E9DCC520BCA9C9008618D9 /* TestWithConductorAndRepository */,
				03E9DCD920BCA9C9008618D9 /* TestWithConductorAndRepositoryTests */,
			);
		};
/* End PBXProject section */

/* Begin PBXResourcesBuildPhase section */
		03E9DCC420BCA9C9008618D9 /* Resources */ = {
			isa = PBXResourcesBuildPhase;
			buildActionMask = 2147483647;
			files = (
				03E9DCD420BCA9C9008618D9 /* LaunchScreen.storyboard in Resources */,
				03E9DCD120BCA9C9008618D9 /* Assets.xcassets in Resources */,
				03E9DCCF20BCA9C9008618D9 /* Main.storyboard in Resources */,
			);
			runOnlyForDeploymentPostprocessing = 0;
		};
		03E9DCD820BCA9C9008618D9 /* Resources */ = {
			isa = PBXResourcesBuildPhase;
			buildActionMask = 2147483647;
			files = (
			);
			runOnlyForDeploymentPostprocessing = 0;
		};
/* End PBXResourcesBuildPhase section */

/* Begin PBXSourcesBuildPhase section */
		03E9DCC220BCA9C9008618D9 /* Sources */ = {
			isa = PBXSourcesBuildPhase;
			buildActionMask = 2147483647;
			files = (
				03E9DCCC20BCA9C9008618D9 /* ViewController.swift in Sources */,
				036D25A520BEF836000B77BE /* SignConductor.swift in Sources */,
				036D25A720BEF8D3000B77BE /* SignRepositoryProtocol.swift in Sources */,
				036D25A920BEF905000B77BE /* RemoteSign.swift in Sources */,
				03E9DCCA20BCA9C9008618D9 /* AppDelegate.swift in Sources */,
			);
			runOnlyForDeploymentPostprocessing = 0;
		};
		03E9DCD620BCA9C9008618D9 /* Sources */ = {
			isa = PBXSourcesBuildPhase;
			buildActionMask = 2147483647;
			files = (
				036D25AB20BEF972000B77BE /* NoConnectionSignRepository.swift in Sources */,
				03E9DCDF20BCA9C9008618D9 /* TestWithConductorAndRepositoryTests.swift in Sources */,
			);
			runOnlyForDeploymentPostprocessing = 0;
		};
/* End PBXSourcesBuildPhase section */

/* Begin PBXTargetDependency section */
		03E9DCDC20BCA9C9008618D9 /* PBXTargetDependency */ = {
			isa = PBXTargetDependency;
			target = 03E9DCC520BCA9C9008618D9 /* TestWithConductorAndRepository */;
			targetProxy = 03E9DCDB20BCA9C9008618D9 /* PBXContainerItemProxy */;
		};
/* End PBXTargetDependency section */

/* Begin PBXVariantGroup section */
		03E9DCCD20BCA9C9008618D9 /* Main.storyboard */ = {
			isa = PBXVariantGroup;
			children = (
				03E9DCCE20BCA9C9008618D9 /* Base */,
			);
			name = Main.storyboard;
			sourceTree = "<group>";
		};
		03E9DCD220BCA9C9008618D9 /* LaunchScreen.storyboard */ = {
			isa = PBXVariantGroup;
			children = (
				03E9DCD320BCA9C9008618D9 /* Base */,
			);
			name = LaunchScreen.storyboard;
			sourceTree = "<group>";
		};
/* End PBXVariantGroup section */

/* Begin XCBuildConfiguration section */
		03E9DCE120BCA9C9008618D9 /* Debug */ = {
			isa = XCBuildConfiguration;
			buildSettings = {
				ALWAYS_SEARCH_USER_PATHS = NO;
				CLANG_ANALYZER_NONNULL = YES;
				CLANG_ANALYZER_NUMBER_OBJECT_CONVERSION = YES_AGGRESSIVE;
				CLANG_CXX_LANGUAGE_STANDARD = "gnu++14";
				CLANG_CXX_LIBRARY = "libc++";
				CLANG_ENABLE_MODULES = YES;
				CLANG_ENABLE_OBJC_ARC = YES;
				CLANG_WARN_BLOCK_CAPTURE_AUTORELEASING = YES;
				CLANG_WARN_BOOL_CONVERSION = YES;
				CLANG_WARN_COMMA = YES;
				CLANG_WARN_CONSTANT_CONVERSION = YES;
				CLANG_WARN_DIRECT_OBJC_ISA_USAGE = YES_ERROR;
				CLANG_WARN_DOCUMENTATION_COMMENTS = YES;
				CLANG_WARN_EMPTY_BODY = YES;
				CLANG_WARN_ENUM_CONVERSION = YES;
				CLANG_WARN_INFINITE_RECURSION = YES;
				CLANG_WARN_INT_CONVERSION = YES;
				CLANG_WARN_NON_LITERAL_NULL_CONVERSION = YES;
				CLANG_WARN_OBJC_LITERAL_CONVERSION = YES;
				CLANG_WARN_OBJC_ROOT_CLASS = YES_ERROR;
				CLANG_WARN_RANGE_LOOP_ANALYSIS = YES;
				CLANG_WARN_STRICT_PROTOTYPES = YES;
				CLANG_WARN_SUSPICIOUS_MOVE = YES;
				CLANG_WARN_UNGUARDED_AVAILABILITY = YES_AGGRESSIVE;
				CLANG_WARN_UNREACHABLE_CODE = YES;
				CLANG_WARN__DUPLICATE_METHOD_MATCH = YES;
				CODE_SIGN_IDENTITY = "iPhone Developer";
				COPY_PHASE_STRIP = NO;
				DEBUG_INFORMATION_FORMAT = dwarf;
				ENABLE_STRICT_OBJC_MSGSEND = YES;
				ENABLE_TESTABILITY = YES;
				GCC_C_LANGUAGE_STANDARD = gnu11;
				GCC_DYNAMIC_NO_PIC = NO;
				GCC_NO_COMMON_BLOCKS = YES;
				GCC_OPTIMIZATION_LEVEL = 0;
				GCC_PREPROCESSOR_DEFINITIONS = (
					"DEBUG=1",
					"$(inherited)",
				);
				GCC_WARN_64_TO_32_BIT_CONVERSION = YES;
				GCC_WARN_ABOUT_RETURN_TYPE = YES_ERROR;
				GCC_WARN_UNDECLARED_SELECTOR = YES;
				GCC_WARN_UNINITIALIZED_AUTOS = YES_AGGRESSIVE;
				GCC_WARN_UNUSED_FUNCTION = YES;
				GCC_WARN_UNUSED_VARIABLE = YES;
				IPHONEOS_DEPLOYMENT_TARGET = 11.2;
				MTL_ENABLE_DEBUG_INFO = YES;
				ONLY_ACTIVE_ARCH = YES;
				SDKROOT = iphoneos;
				SWIFT_ACTIVE_COMPILATION_CONDITIONS = DEBUG;
				SWIFT_OPTIMIZATION_LEVEL = "-Onone";
			};
			name = Debug;
		};
		03E9DCE220BCA9C9008618D9 /* Release */ = {
			isa = XCBuildConfiguration;
			buildSettings = {
				ALWAYS_SEARCH_USER_PATHS = NO;
				CLANG_ANALYZER_NONNULL = YES;
				CLANG_ANALYZER_NUMBER_OBJECT_CONVERSION = YES_AGGRESSIVE;
				CLANG_CXX_LANGUAGE_STANDARD = "gnu++14";
				CLANG_CXX_LIBRARY = "libc++";
				CLANG_ENABLE_MODULES = YES;
				CLANG_ENABLE_OBJC_ARC = YES;
				CLANG_WARN_BLOCK_CAPTURE_AUTORELEASING = YES;
				CLANG_WARN_BOOL_CONVERSION = YES;
				CLANG_WARN_COMMA = YES;
				CLANG_WARN_CONSTANT_CONVERSION = YES;
				CLANG_WARN_DIRECT_OBJC_ISA_USAGE = YES_ERROR;
				CLANG_WARN_DOCUMENTATION_COMMENTS = YES;
				CLANG_WARN_EMPTY_BODY = YES;
				CLANG_WARN_ENUM_CONVERSION = YES;
				CLANG_WARN_INFINITE_RECURSION = YES;
				CLANG_WARN_INT_CONVERSION = YES;
				CLANG_WARN_NON_LITERAL_NULL_CONVERSION = YES;
				CLANG_WARN_OBJC_LITERAL_CONVERSION = YES;
				CLANG_WARN_OBJC_ROOT_CLASS = YES_ERROR;
				CLANG_WARN_RANGE_LOOP_ANALYSIS = YES;
				CLANG_WARN_STRICT_PROTOTYPES = YES;
				CLANG_WARN_SUSPICIOUS_MOVE = YES;
				CLANG_WARN_UNGUARDED_AVAILABILITY = YES_AGGRESSIVE;
				CLANG_WARN_UNREACHABLE_CODE = YES;
				CLANG_WARN__DUPLICATE_METHOD_MATCH = YES;
				CODE_SIGN_IDENTITY = "iPhone Developer";
				COPY_PHASE_STRIP = NO;
				DEBUG_INFORMATION_FORMAT = "dwarf-with-dsym";
				ENABLE_NS_ASSERTIONS = NO;
				ENABLE_STRICT_OBJC_MSGSEND = YES;
				GCC_C_LANGUAGE_STANDARD = gnu11;
				GCC_NO_COMMON_BLOCKS = YES;
				GCC_WARN_64_TO_32_BIT_CONVERSION = YES;
				GCC_WARN_ABOUT_RETURN_TYPE = YES_ERROR;
				GCC_WARN_UNDECLARED_SELECTOR = YES;
				GCC_WARN_UNINITIALIZED_AUTOS = YES_AGGRESSIVE;
				GCC_WARN_UNUSED_FUNCTION = YES;
				GCC_WARN_UNUSED_VARIABLE = YES;
				IPHONEOS_DEPLOYMENT_TARGET = 11.2;
				MTL_ENABLE_DEBUG_INFO = NO;
				SDKROOT = iphoneos;
				SWIFT_OPTIMIZATION_LEVEL = "-Owholemodule";
				VALIDATE_PRODUCT = YES;
			};
			name = Release;
		};
		03E9DCE420BCA9C9008618D9 /* Debug */ = {
			isa = XCBuildConfiguration;
			buildSettings = {
				ASSETCATALOG_COMPILER_APPICON_NAME = AppIcon;
				CODE_SIGN_STYLE = Automatic;
				DEVELOPMENT_TEAM = 2T9344DJMW;
				INFOPLIST_FILE = TestWithConductorAndRepository/Info.plist;
				LD_RUNPATH_SEARCH_PATHS = "$(inherited) @executable_path/Frameworks";
				PRODUCT_BUNDLE_IDENTIFIER = Thufik.TestWithConductorAndRepository;
				PRODUCT_NAME = "$(TARGET_NAME)";
				SWIFT_VERSION = 4.0;
				TARGETED_DEVICE_FAMILY = "1,2";
			};
			name = Debug;
		};
		03E9DCE520BCA9C9008618D9 /* Release */ = {
			isa = XCBuildConfiguration;
			buildSettings = {
				ASSETCATALOG_COMPILER_APPICON_NAME = AppIcon;
				CODE_SIGN_STYLE = Automatic;
				DEVELOPMENT_TEAM = 2T9344DJMW;
				INFOPLIST_FILE = TestWithConductorAndRepository/Info.plist;
				LD_RUNPATH_SEARCH_PATHS = "$(inherited) @executable_path/Frameworks";
				PRODUCT_BUNDLE_IDENTIFIER = Thufik.TestWithConductorAndRepository;
				PRODUCT_NAME = "$(TARGET_NAME)";
				SWIFT_VERSION = 4.0;
				TARGETED_DEVICE_FAMILY = "1,2";
			};
			name = Release;
		};
		03E9DCE720BCA9C9008618D9 /* Debug */ = {
			isa = XCBuildConfiguration;
			buildSettings = {
				ALWAYS_EMBED_SWIFT_STANDARD_LIBRARIES = YES;
				BUNDLE_LOADER = "$(TEST_HOST)";
				CODE_SIGN_STYLE = Automatic;
				DEVELOPMENT_TEAM = 2T9344DJMW;
				INFOPLIST_FILE = TestWithConductorAndRepositoryTests/Info.plist;
				LD_RUNPATH_SEARCH_PATHS = "$(inherited) @executable_path/Frameworks @loader_path/Frameworks";
				PRODUCT_BUNDLE_IDENTIFIER = Thufik.TestWithConductorAndRepositoryTests;
				PRODUCT_NAME = "$(TARGET_NAME)";
				SWIFT_VERSION = 4.0;
				TARGETED_DEVICE_FAMILY = "1,2";
				TEST_HOST = "$(BUILT_PRODUCTS_DIR)/TestWithConductorAndRepository.app/TestWithConductorAndRepository";
			};
			name = Debug;
		};
		03E9DCE820BCA9C9008618D9 /* Release */ = {
			isa = XCBuildConfiguration;
			buildSettings = {
				ALWAYS_EMBED_SWIFT_STANDARD_LIBRARIES = YES;
				BUNDLE_LOADER = "$(TEST_HOST)";
				CODE_SIGN_STYLE = Automatic;
				DEVELOPMENT_TEAM = 2T9344DJMW;
				INFOPLIST_FILE = TestWithConductorAndRepositoryTests/Info.plist;
				LD_RUNPATH_SEARCH_PATHS = "$(inherited) @executable_path/Frameworks @loader_path/Frameworks";
				PRODUCT_BUNDLE_IDENTIFIER = Thufik.TestWithConductorAndRepositoryTests;
				PRODUCT_NAME = "$(TARGET_NAME)";
				SWIFT_VERSION = 4.0;
				TARGETED_DEVICE_FAMILY = "1,2";
				TEST_HOST = "$(BUILT_PRODUCTS_DIR)/TestWithConductorAndRepository.app/TestWithConductorAndRepository";
			};
			name = Release;
		};
/* End XCBuildConfiguration section */

/* Begin XCConfigurationList section */
		03E9DCC120BCA9C9008618D9 /* Build configuration list for PBXProject "TestWithConductorAndRepository" */ = {
			isa = XCConfigurationList;
			buildConfigurations = (
				03E9DCE120BCA9C9008618D9 /* Debug */,
				03E9DCE220BCA9C9008618D9 /* Release */,
			);
			defaultConfigurationIsVisible = 0;
			defaultConfigurationName = Release;
		};
		03E9DCE320BCA9C9008618D9 /* Build configuration list for PBXNativeTarget "TestWithConductorAndRepository" */ = {
			isa = XCConfigurationList;
			buildConfigurations = (
				03E9DCE420BCA9C9008618D9 /* Debug */,
				03E9DCE520BCA9C9008618D9 /* Release */,
			);
			defaultConfigurationIsVisible = 0;
			defaultConfigurationName = Release;
		};
		03E9DCE620BCA9C9008618D9 /* Build configuration list for PBXNativeTarget "TestWithConductorAndRepositoryTests" */ = {
			isa = XCConfigurationList;
			buildConfigurations = (
				03E9DCE720BCA9C9008618D9 /* Debug */,
				03E9DCE820BCA9C9008618D9 /* Release */,
			);
			defaultConfigurationIsVisible = 0;
			defaultConfigurationName = Release;
		};
/* End XCConfigurationList section */
	};
	rootObject = 03E9DCBE20BCA9C9008618D9 /* Project object */;
}
